
Microsoft Visual Studio Solution File, Format Version 11.00
# Visual Studio 2010
Project("{FAE04EC0-301F-11D3-BF4B-00C04F79EFBC}") = "CodeGeneration", "CodeGeneration\CodeGeneration.csproj", "{055E2CC7-852E-4D78-8483-B592C0656DD5}"
EndProject
Project("{FAE04EC0-301F-11D3-BF4B-00C04F79EFBC}") = "Tester", "Tester\Tester.csproj", "{33D244A7-FCB9-469E-BAC0-AB2B968C05CC}"
EndProject
Global
	GlobalSection(SolutionConfigurationPlatforms) = preSolution
		Debug|Any CPU = Debug|Any CPU
		Debug|Mixed Platforms = Debug|Mixed Platforms
		Debug|x86 = Debug|x86
		Release|Any CPU = Release|Any CPU
		Release|Mixed Platforms = Release|Mixed Platforms
		Release|x86 = Release|x86
	EndGlobalSection
	GlobalSection(ProjectConfigurationPlatforms) = postSolution
		{055E2CC7-852E-4D78-8483-B592C0656DD5}.Debug|Any CPU.ActiveCfg = Debug|Any CPU
		{055E2CC7-852E-4D78-8483-B592C0656DD5}.Debug|Any CPU.Build.0 = Debug|Any CPU
		{055E2CC7-852E-4D78-8483-B592C0656DD5}.Debug|Mixed Platforms.ActiveCfg = Debug|Any CPU
		{055E2CC7-852E-4D78-8483-B592C0656DD5}.Debug|Mixed Platforms.Build.0 = Debug|Any CPU
		{055E2CC7-852E-4D78-8483-B592C0656DD5}.Debug|x86.ActiveCfg = Debug|Any CPU
		{055E2CC7-852E-4D78-8483-B592C0656DD5}.Release|Any CPU.ActiveCfg = Release|Any CPU
		{055E2CC7-852E-4D78-8483-B592C0656DD5}.Release|Any CPU.Build.0 = Release|Any CPU
		{055E2CC7-852E-4D78-8483-B592C0656DD5}.Release|Mixed Platforms.ActiveCfg = Release|Any CPU
		{055E2CC7-852E-4D78-8483-B592C0656DD5}.Release|Mixed Platforms.Build.0 = Release|Any CPU
		{055E2CC7-852E-4D78-8483-B592C0656DD5}.Release|x86.ActiveCfg = Release|Any CPU
		{33D244A7-FCB9-469E-BAC0-AB2B968C05CC}.Debug|Any CPU.ActiveCfg = Debug|x86
		{33D244A7-FCB9-469E-BAC0-AB2B968C05CC}.Debug|Mixed Platforms.ActiveCfg = Debug|x86
		{33D244A7-FCB9-469E-BAC0-AB2B968C05CC}.Debug|Mixed Platforms.Build.0 = Debug|x86
		{33D244A7-FCB9-469E-BAC0-AB2B968C05CC}.Debug|x86.ActiveCfg = Debug|x86
		{33D244A7-FCB9-469E-BAC0-AB2B968C05CC}.Debug|x86.Build.0 = Debug|x86
		{33D244A7-FCB9-469E-BAC0-AB2B968C05CC}.Release|Any CPU.ActiveCfg = Release|x86
		{33D244A7-FCB9-469E-BAC0-AB2B968C05CC}.Release|Mixed Platforms.ActiveCfg = Release|x86
		{33D244A7-FCB9-469E-BAC0-AB2B968C05CC}.Release|Mixed Platforms.Build.0 = Release|x86
		{33D244A7-FCB9-469E-BAC0-AB2B968C05CC}.Release|x86.ActiveCfg = Release|x86
		{33D244A7-FCB9-469E-BAC0-AB2B968C05CC}.Release|x86.Build.0 = Release|x86
	EndGlobalSection
	GlobalSection(SolutionProperties) = preSolution
		HideSolutionNode = FALSE
	EndGlobalSection
EndGlobal
